
Microsoft Visual Studio Solution File, Format Version 12.00
# Visual Studio Version 16
VisualStudioVersion = 16.0.32228.343
MinimumVisualStudioVersion = 10.0.40219.1
Project("{FAE04EC0-301F-11D3-BF4B-00C04F79EFBC}") = "GitCSharpDemo2", "GitCSharpDemo2\GitCSharpDemo2.csproj", "{7E065180-3412-414A-AE59-A16B3634CB1C}"
EndProject
Global
	GlobalSection(SolutionConfigurationPlatforms) = preSolution
		Debug|Any CPU = Debug|Any CPU
		Release|Any CPU = Release|Any CPU
	EndGlobalSection
	GlobalSection(ProjectConfigurationPlatforms) = postSolution
		{7E065180-3412-414A-AE59-A16B3634CB1C}.Debug|Any CPU.ActiveCfg = Debug|Any CPU
		{7E065180-3412-414A-AE59-A16B3634CB1C}.Debug|Any CPU.Build.0 = Debug|Any CPU
		{7E065180-3412-414A-AE59-A16B3634CB1C}.Release|Any CPU.ActiveCfg = Release|Any CPU
		{7E065180-3412-414A-AE59-A16B3634CB1C}.Release|Any CPU.Build.0 = Release|Any CPU
	EndGlobalSection
	GlobalSection(SolutionProperties) = preSolution
		HideSolutionNode = FALSE
	EndGlobalSection
	GlobalSection(ExtensibilityGlobals) = postSolution
		SolutionGuid = {0F9615C7-33F1-45DD-8632-90C4543098F4}
	EndGlobalSection
EndGlobal
